
Microsoft Visual Studio Solution File, Format Version 12.00
# Visual Studio Version 16
VisualStudioVersion = 16.0.29709.97
MinimumVisualStudioVersion = 10.0.40219.1
Project("{FAE04EC0-301F-11D3-BF4B-00C04F79EFBC}") = "DesignPatterns.Builder", "DesignPatterns.Builder\DesignPatterns.Builder.csproj", "{95B2ACF3-FC44-4835-AAA2-1E04ABF960D8}"
EndProject
Project("{FAE04EC0-301F-11D3-BF4B-00C04F79EFBC}") = "DesignPatterns.FluentBuilderInterface", "DesignPatterns.FluentBuilderInterface\DesignPatterns.FluentBuilderInterface.csproj", "{215F5158-B01A-4BEE-8D95-2905395FA89A}"
EndProject
Project("{FAE04EC0-301F-11D3-BF4B-00C04F79EFBC}") = "DesignPatterns.FacetedBuilder", "DesignPatterns.FacetedBuilder\DesignPatterns.FacetedBuilder.csproj", "{3DBE9DEA-3D4E-4EDD-AF22-509309954E07}"
EndProject
Global
	GlobalSection(SolutionConfigurationPlatforms) = preSolution
		Debug|Any CPU = Debug|Any CPU
		Release|Any CPU = Release|Any CPU
	EndGlobalSection
	GlobalSection(ProjectConfigurationPlatforms) = postSolution
		{95B2ACF3-FC44-4835-AAA2-1E04ABF960D8}.Debug|Any CPU.ActiveCfg = Debug|Any CPU
		{95B2ACF3-FC44-4835-AAA2-1E04ABF960D8}.Debug|Any CPU.Build.0 = Debug|Any CPU
		{95B2ACF3-FC44-4835-AAA2-1E04ABF960D8}.Release|Any CPU.ActiveCfg = Release|Any CPU
		{95B2ACF3-FC44-4835-AAA2-1E04ABF960D8}.Release|Any CPU.Build.0 = Release|Any CPU
		{215F5158-B01A-4BEE-8D95-2905395FA89A}.Debug|Any CPU.ActiveCfg = Debug|Any CPU
		{215F5158-B01A-4BEE-8D95-2905395FA89A}.Debug|Any CPU.Build.0 = Debug|Any CPU
		{215F5158-B01A-4BEE-8D95-2905395FA89A}.Release|Any CPU.ActiveCfg = Release|Any CPU
		{215F5158-B01A-4BEE-8D95-2905395FA89A}.Release|Any CPU.Build.0 = Release|Any CPU
		{3DBE9DEA-3D4E-4EDD-AF22-509309954E07}.Debug|Any CPU.ActiveCfg = Debug|Any CPU
		{3DBE9DEA-3D4E-4EDD-AF22-509309954E07}.Debug|Any CPU.Build.0 = Debug|Any CPU
		{3DBE9DEA-3D4E-4EDD-AF22-509309954E07}.Release|Any CPU.ActiveCfg = Release|Any CPU
		{3DBE9DEA-3D4E-4EDD-AF22-509309954E07}.Release|Any CPU.Build.0 = Release|Any CPU
	EndGlobalSection
	GlobalSection(SolutionProperties) = preSolution
		HideSolutionNode = FALSE
	EndGlobalSection
	GlobalSection(ExtensibilityGlobals) = postSolution
		SolutionGuid = {454E77BF-D168-4C6D-8AEB-842C69965C58}
	EndGlobalSection
EndGlobal
